// !$*UTF8*$!
{
	archiveVersion = 1;
	classes = {
	};
	objectVersion = 46;
	objects = {

/* Begin PBXBuildFile section */
		3545C0DA1AD2F80C00E6093D /* main.m in Sources */ = {isa = PBXBuildFile; fileRef = 3545C0D91AD2F80C00E6093D /* main.m */; };
		3545C0DD1AD2F80C00E6093D /* AppDelegate.m in Sources */ = {isa = PBXBuildFile; fileRef = 3545C0DC1AD2F80C00E6093D /* AppDelegate.m */; };
		3545C0E01AD2F80C00E6093D /* GameScene.m in Sources */ = {isa = PBXBuildFile; fileRef = 3545C0DF1AD2F80C00E6093D /* GameScene.m */; };
		3545C0E21AD2F80C00E6093D /* GameScene.sks in Resources */ = {isa = PBXBuildFile; fileRef = 3545C0E11AD2F80C00E6093D /* GameScene.sks */; };
		3545C0E51AD2F80C00E6093D /* GameViewController.m in Sources */ = {isa = PBXBuildFile; fileRef = 3545C0E41AD2F80C00E6093D /* GameViewController.m */; };
		3545C0E81AD2F80C00E6093D /* Main.storyboard in Resources */ = {isa = PBXBuildFile; fileRef = 3545C0E61AD2F80C00E6093D /* Main.storyboard */; };
		3545C0EA1AD2F80C00E6093D /* Images.xcassets in Resources */ = {isa = PBXBuildFile; fileRef = 3545C0E91AD2F80C00E6093D /* Images.xcassets */; };
		3545C0ED1AD2F80C00E6093D /* LaunchScreen.xib in Resources */ = {isa = PBXBuildFile; fileRef = 3545C0EB1AD2F80C00E6093D /* LaunchScreen.xib */; };
		3545C0F91AD2F80C00E6093D /* CleanupRevengeTests.m in Sources */ = {isa = PBXBuildFile; fileRef = 3545C0F81AD2F80C00E6093D /* CleanupRevengeTests.m */; };
		355523731AD30099003992F5 /* Fish.m in Sources */ = {isa = PBXBuildFile; fileRef = 355523721AD30099003992F5 /* Fish.m */; };
		355523761AD300CC003992F5 /* FishHook.m in Sources */ = {isa = PBXBuildFile; fileRef = 355523751AD300CC003992F5 /* FishHook.m */; };
		355523791AD30174003992F5 /* Shark.m in Sources */ = {isa = PBXBuildFile; fileRef = 355523781AD30174003992F5 /* Shark.m */; };
		355523841AD30282003992F5 /* SoundManager.m in Sources */ = {isa = PBXBuildFile; fileRef = 355523831AD30282003992F5 /* SoundManager.m */; };
		355523881AD30731003992F5 /* MenuViewController.m in Sources */ = {isa = PBXBuildFile; fileRef = 355523871AD30731003992F5 /* MenuViewController.m */; };
		3555238B1AD30D8A003992F5 /* ConfigViewController.m in Sources */ = {isa = PBXBuildFile; fileRef = 3555238A1AD30D8A003992F5 /* ConfigViewController.m */; };
		3555238E1AD30DAA003992F5 /* GaleriaViewController.m in Sources */ = {isa = PBXBuildFile; fileRef = 3555238D1AD30DAA003992F5 /* GaleriaViewController.m */; };
		355523911AD313B3003992F5 /* HistoricoViewController.m in Sources */ = {isa = PBXBuildFile; fileRef = 355523901AD313B3003992F5 /* HistoricoViewController.m */; };
		355523941AD31555003992F5 /* PauseViewController.m in Sources */ = {isa = PBXBuildFile; fileRef = 355523931AD31555003992F5 /* PauseViewController.m */; };
		3555239E1AD31E4A003992F5 /* Trash.m in Sources */ = {isa = PBXBuildFile; fileRef = 3555239D1AD31E4A003992F5 /* Trash.m */; };
		35FA93021AD2FCAF003F80C1 /* Joystick.m in Sources */ = {isa = PBXBuildFile; fileRef = 35FA93011AD2FCAF003F80C1 /* Joystick.m */; };
/* End PBXBuildFile section */

/* Begin PBXContainerItemProxy section */
		3545C0F31AD2F80C00E6093D /* PBXContainerItemProxy */ = {
			isa = PBXContainerItemProxy;
			containerPortal = 3545C0CC1AD2F80C00E6093D /* Project object */;
			proxyType = 1;
			remoteGlobalIDString = 3545C0D31AD2F80C00E6093D;
			remoteInfo = CleanupRevenge;
		};
/* End PBXContainerItemProxy section */

/* Begin PBXFileReference section */
		3545C0D41AD2F80C00E6093D /* CleanupRevenge.app */ = {isa = PBXFileReference; explicitFileType = wrapper.application; includeInIndex = 0; path = CleanupRevenge.app; sourceTree = BUILT_PRODUCTS_DIR; };
		3545C0D81AD2F80C00E6093D /* Info.plist */ = {isa = PBXFileReference; lastKnownFileType = text.plist.xml; path = Info.plist; sourceTree = "<group>"; };
		3545C0D91AD2F80C00E6093D /* main.m */ = {isa = PBXFileReference; lastKnownFileType = sourcecode.c.objc; path = main.m; sourceTree = "<group>"; };
		3545C0DB1AD2F80C00E6093D /* AppDelegate.h */ = {isa = PBXFileReference; lastKnownFileType = sourcecode.c.h; path = AppDelegate.h; sourceTree = "<group>"; };
		3545C0DC1AD2F80C00E6093D /* AppDelegate.m */ = {isa = PBXFileReference; lastKnownFileType = sourcecode.c.objc; path = AppDelegate.m; sourceTree = "<group>"; };
		3545C0DE1AD2F80C00E6093D /* GameScene.h */ = {isa = PBXFileReference; lastKnownFileType = sourcecode.c.h; path = GameScene.h; sourceTree = "<group>"; };
		3545C0DF1AD2F80C00E6093D /* GameScene.m */ = {isa = PBXFileReference; lastKnownFileType = sourcecode.c.objc; path = GameScene.m; sourceTree = "<group>"; };
		3545C0E11AD2F80C00E6093D /* GameScene.sks */ = {isa = PBXFileReference; lastKnownFileType = file.sks; path = GameScene.sks; sourceTree = "<group>"; };
		3545C0E31AD2F80C00E6093D /* GameViewController.h */ = {isa = PBXFileReference; lastKnownFileType = sourcecode.c.h; path = GameViewController.h; sourceTree = "<group>"; };
		3545C0E41AD2F80C00E6093D /* GameViewController.m */ = {isa = PBXFileReference; lastKnownFileType = sourcecode.c.objc; path = GameViewController.m; sourceTree = "<group>"; };
		3545C0E71AD2F80C00E6093D /* Base */ = {isa = PBXFileReference; lastKnownFileType = file.storyboard; name = Base; path = Base.lproj/Main.storyboard; sourceTree = "<group>"; };
		3545C0E91AD2F80C00E6093D /* Images.xcassets */ = {isa = PBXFileReference; lastKnownFileType = folder.assetcatalog; path = Images.xcassets; sourceTree = "<group>"; };
		3545C0EC1AD2F80C00E6093D /* Base */ = {isa = PBXFileReference; lastKnownFileType = file.xib; name = Base; path = Base.lproj/LaunchScreen.xib; sourceTree = "<group>"; };
		3545C0F21AD2F80C00E6093D /* CleanupRevengeTests.xctest */ = {isa = PBXFileReference; explicitFileType = wrapper.cfbundle; includeInIndex = 0; path = CleanupRevengeTests.xctest; sourceTree = BUILT_PRODUCTS_DIR; };
		3545C0F71AD2F80C00E6093D /* Info.plist */ = {isa = PBXFileReference; lastKnownFileType = text.plist.xml; path = Info.plist; sourceTree = "<group>"; };
		3545C0F81AD2F80C00E6093D /* CleanupRevengeTests.m */ = {isa = PBXFileReference; lastKnownFileType = sourcecode.c.objc; path = CleanupRevengeTests.m; sourceTree = "<group>"; };
		355523711AD30099003992F5 /* Fish.h */ = {isa = PBXFileReference; fileEncoding = 4; lastKnownFileType = sourcecode.c.h; path = Fish.h; sourceTree = "<group>"; };
		355523721AD30099003992F5 /* Fish.m */ = {isa = PBXFileReference; fileEncoding = 4; lastKnownFileType = sourcecode.c.objc; path = Fish.m; sourceTree = "<group>"; };
		355523741AD300CC003992F5 /* FishHook.h */ = {isa = PBXFileReference; fileEncoding = 4; lastKnownFileType = sourcecode.c.h; path = FishHook.h; sourceTree = "<group>"; };
		355523751AD300CC003992F5 /* FishHook.m */ = {isa = PBXFileReference; fileEncoding = 4; lastKnownFileType = sourcecode.c.objc; path = FishHook.m; sourceTree = "<group>"; };
		355523771AD30174003992F5 /* Shark.h */ = {isa = PBXFileReference; fileEncoding = 4; lastKnownFileType = sourcecode.c.h; path = Shark.h; sourceTree = "<group>"; };
		355523781AD30174003992F5 /* Shark.m */ = {isa = PBXFileReference; fileEncoding = 4; lastKnownFileType = sourcecode.c.objc; path = Shark.m; sourceTree = "<group>"; };
		355523821AD30282003992F5 /* SoundManager.h */ = {isa = PBXFileReference; fileEncoding = 4; lastKnownFileType = sourcecode.c.h; path = SoundManager.h; sourceTree = "<group>"; };
		355523831AD30282003992F5 /* SoundManager.m */ = {isa = PBXFileReference; fileEncoding = 4; lastKnownFileType = sourcecode.c.objc; path = SoundManager.m; sourceTree = "<group>"; };
		355523861AD30731003992F5 /* MenuViewController.h */ = {isa = PBXFileReference; fileEncoding = 4; lastKnownFileType = sourcecode.c.h; path = MenuViewController.h; sourceTree = "<group>"; };
		355523871AD30731003992F5 /* MenuViewController.m */ = {isa = PBXFileReference; fileEncoding = 4; lastKnownFileType = sourcecode.c.objc; path = MenuViewController.m; sourceTree = "<group>"; };
		355523891AD30D8A003992F5 /* ConfigViewController.h */ = {isa = PBXFileReference; fileEncoding = 4; lastKnownFileType = sourcecode.c.h; path = ConfigViewController.h; sourceTree = "<group>"; };
		3555238A1AD30D8A003992F5 /* ConfigViewController.m */ = {isa = PBXFileReference; fileEncoding = 4; lastKnownFileType = sourcecode.c.objc; path = ConfigViewController.m; sourceTree = "<group>"; };
		3555238C1AD30DAA003992F5 /* GaleriaViewController.h */ = {isa = PBXFileReference; fileEncoding = 4; lastKnownFileType = sourcecode.c.h; path = GaleriaViewController.h; sourceTree = "<group>"; };
		3555238D1AD30DAA003992F5 /* GaleriaViewController.m */ = {isa = PBXFileReference; fileEncoding = 4; lastKnownFileType = sourcecode.c.objc; path = GaleriaViewController.m; sourceTree = "<group>"; };
		3555238F1AD313B3003992F5 /* HistoricoViewController.h */ = {isa = PBXFileReference; fileEncoding = 4; lastKnownFileType = sourcecode.c.h; path = HistoricoViewController.h; sourceTree = "<group>"; };
		355523901AD313B3003992F5 /* HistoricoViewController.m */ = {isa = PBXFileReference; fileEncoding = 4; lastKnownFileType = sourcecode.c.objc; path = HistoricoViewController.m; sourceTree = "<group>"; };
		355523921AD31555003992F5 /* PauseViewController.h */ = {isa = PBXFileReference; fileEncoding = 4; lastKnownFileType = sourcecode.c.h; path = PauseViewController.h; sourceTree = "<group>"; };
		355523931AD31555003992F5 /* PauseViewController.m */ = {isa = PBXFileReference; fileEncoding = 4; lastKnownFileType = sourcecode.c.objc; path = PauseViewController.m; sourceTree = "<group>"; };
		3555239C1AD31E4A003992F5 /* Trash.h */ = {isa = PBXFileReference; fileEncoding = 4; lastKnownFileType = sourcecode.c.h; path = Trash.h; sourceTree = "<group>"; };
		3555239D1AD31E4A003992F5 /* Trash.m */ = {isa = PBXFileReference; fileEncoding = 4; lastKnownFileType = sourcecode.c.objc; path = Trash.m; sourceTree = "<group>"; };
		35FA93001AD2FCAF003F80C1 /* Joystick.h */ = {isa = PBXFileReference; fileEncoding = 4; lastKnownFileType = sourcecode.c.h; path = Joystick.h; sourceTree = "<group>"; };
		35FA93011AD2FCAF003F80C1 /* Joystick.m */ = {isa = PBXFileReference; fileEncoding = 4; lastKnownFileType = sourcecode.c.objc; path = Joystick.m; sourceTree = "<group>"; };
/* End PBXFileReference section */

/* Begin PBXFrameworksBuildPhase section */
		3545C0D11AD2F80C00E6093D /* Frameworks */ = {
			isa = PBXFrameworksBuildPhase;
			buildActionMask = 2147483647;
			files = (
			);
			runOnlyForDeploymentPostprocessing = 0;
		};
		3545C0EF1AD2F80C00E6093D /* Frameworks */ = {
			isa = PBXFrameworksBuildPhase;
			buildActionMask = 2147483647;
			files = (
			);
			runOnlyForDeploymentPostprocessing = 0;
		};
/* End PBXFrameworksBuildPhase section */

/* Begin PBXGroup section */
		3545C0CB1AD2F80C00E6093D = {
			isa = PBXGroup;
			children = (
				3545C0D61AD2F80C00E6093D /* CleanupRevenge */,
				3545C0F51AD2F80C00E6093D /* CleanupRevengeTests */,
				3545C0D51AD2F80C00E6093D /* Products */,
			);
			sourceTree = "<group>";
		};
		3545C0D51AD2F80C00E6093D /* Products */ = {
			isa = PBXGroup;
			children = (
				3545C0D41AD2F80C00E6093D /* CleanupRevenge.app */,
				3545C0F21AD2F80C00E6093D /* CleanupRevengeTests.xctest */,
			);
			name = Products;
			sourceTree = "<group>";
		};
		3545C0D61AD2F80C00E6093D /* CleanupRevenge */ = {
			isa = PBXGroup;
			children = (
				3555239A1AD31DB1003992F5 /* Imagens */,
				355523991AD31A93003992F5 /* Pause */,
				355523981AD31A84003992F5 /* Historico */,
				355523971AD31A5B003992F5 /* Galeria */,
				355523961AD31A45003992F5 /* Menu */,
				355523951AD31A2D003992F5 /* Configurações */,
				355523851AD3028A003992F5 /* SoundManager */,
				355523811AD30209003992F5 /* Game */,
				355523701AD2FD16003992F5 /* Joystick */,
				3545C0DB1AD2F80C00E6093D /* AppDelegate.h */,
				3545C0DC1AD2F80C00E6093D /* AppDelegate.m */,
				3545C0DE1AD2F80C00E6093D /* GameScene.h */,
				3545C0DF1AD2F80C00E6093D /* GameScene.m */,
				3545C0E31AD2F80C00E6093D /* GameViewController.h */,
				3545C0E41AD2F80C00E6093D /* GameViewController.m */,
				3545C0E11AD2F80C00E6093D /* GameScene.sks */,
				3545C0E61AD2F80C00E6093D /* Main.storyboard */,
				3545C0E91AD2F80C00E6093D /* Images.xcassets */,
				3545C0EB1AD2F80C00E6093D /* LaunchScreen.xib */,
				3545C0D71AD2F80C00E6093D /* Supporting Files */,
			);
			path = CleanupRevenge;
			sourceTree = "<group>";
		};
		3545C0D71AD2F80C00E6093D /* Supporting Files */ = {
			isa = PBXGroup;
			children = (
				3545C0D81AD2F80C00E6093D /* Info.plist */,
				3545C0D91AD2F80C00E6093D /* main.m */,
			);
			name = "Supporting Files";
			sourceTree = "<group>";
		};
		3545C0F51AD2F80C00E6093D /* CleanupRevengeTests */ = {
			isa = PBXGroup;
			children = (
				3545C0F81AD2F80C00E6093D /* CleanupRevengeTests.m */,
				3545C0F61AD2F80C00E6093D /* Supporting Files */,
			);
			path = CleanupRevengeTests;
			sourceTree = "<group>";
		};
		3545C0F61AD2F80C00E6093D /* Supporting Files */ = {
			isa = PBXGroup;
			children = (
				3545C0F71AD2F80C00E6093D /* Info.plist */,
			);
			name = "Supporting Files";
			sourceTree = "<group>";
		};
		355523701AD2FD16003992F5 /* Joystick */ = {
			isa = PBXGroup;
			children = (
				35FA93001AD2FCAF003F80C1 /* Joystick.h */,
				35FA93011AD2FCAF003F80C1 /* Joystick.m */,
			);
			name = Joystick;
			sourceTree = "<group>";
		};
		3555237D1AD301C8003992F5 /* Shark */ = {
			isa = PBXGroup;
			children = (
				355523771AD30174003992F5 /* Shark.h */,
				355523781AD30174003992F5 /* Shark.m */,
			);
			name = Shark;
			sourceTree = "<group>";
		};
		3555237F1AD301D6003992F5 /* Fish */ = {
			isa = PBXGroup;
			children = (
				355523711AD30099003992F5 /* Fish.h */,
				355523721AD30099003992F5 /* Fish.m */,
			);
			name = Fish;
			sourceTree = "<group>";
		};
		355523801AD301E1003992F5 /* FishHook */ = {
			isa = PBXGroup;
			children = (
				355523741AD300CC003992F5 /* FishHook.h */,
				355523751AD300CC003992F5 /* FishHook.m */,
			);
			name = FishHook;
			sourceTree = "<group>";
		};
		355523811AD30209003992F5 /* Game */ = {
			isa = PBXGroup;
			children = (
				3555239B1AD31E30003992F5 /* Trash */,
				355523801AD301E1003992F5 /* FishHook */,
				3555237F1AD301D6003992F5 /* Fish */,
				3555237D1AD301C8003992F5 /* Shark */,
			);
			name = Game;
			sourceTree = "<group>";
		};
		355523851AD3028A003992F5 /* SoundManager */ = {
			isa = PBXGroup;
			children = (
				355523821AD30282003992F5 /* SoundManager.h */,
				355523831AD30282003992F5 /* SoundManager.m */,
			);
			name = SoundManager;
			sourceTree = "<group>";
		};
		355523951AD31A2D003992F5 /* Configurações */ = {
			isa = PBXGroup;
			children = (
				355523891AD30D8A003992F5 /* ConfigViewController.h */,
				3555238A1AD30D8A003992F5 /* ConfigViewController.m */,
			);
			name = "Configurações";
			sourceTree = "<group>";
		};
		355523961AD31A45003992F5 /* Menu */ = {
			isa = PBXGroup;
			children = (
				355523861AD30731003992F5 /* MenuViewController.h */,
				355523871AD30731003992F5 /* MenuViewController.m */,
			);
			name = Menu;
			sourceTree = "<group>";
		};
		355523971AD31A5B003992F5 /* Galeria */ = {
			isa = PBXGroup;
			children = (
				3555238C1AD30DAA003992F5 /* GaleriaViewController.h */,
				3555238D1AD30DAA003992F5 /* GaleriaViewController.m */,
			);
			name = Galeria;
			sourceTree = "<group>";
		};
		355523981AD31A84003992F5 /* Historico */ = {
			isa = PBXGroup;
			children = (
				3555238F1AD313B3003992F5 /* HistoricoViewController.h */,
				355523901AD313B3003992F5 /* HistoricoViewController.m */,
			);
			name = Historico;
			sourceTree = "<group>";
		};
		355523991AD31A93003992F5 /* Pause */ = {
			isa = PBXGroup;
			children = (
				355523921AD31555003992F5 /* PauseViewController.h */,
				355523931AD31555003992F5 /* PauseViewController.m */,
			);
			name = Pause;
			sourceTree = "<group>";
		};
		3555239A1AD31DB1003992F5 /* Imagens */ = {
			isa = PBXGroup;
			children = (
			);
			name = Imagens;
			sourceTree = "<group>";
		};
		3555239B1AD31E30003992F5 /* Trash */ = {
			isa = PBXGroup;
			children = (
				3555239C1AD31E4A003992F5 /* Trash.h */,
				3555239D1AD31E4A003992F5 /* Trash.m */,
			);
			name = Trash;
			sourceTree = "<group>";
		};
/* End PBXGroup section */

/* Begin PBXNativeTarget section */
		3545C0D31AD2F80C00E6093D /* CleanupRevenge */ = {
			isa = PBXNativeTarget;
			buildConfigurationList = 3545C0FC1AD2F80C00E6093D /* Build configuration list for PBXNativeTarget "CleanupRevenge" */;
			buildPhases = (
				3545C0D01AD2F80C00E6093D /* Sources */,
				3545C0D11AD2F80C00E6093D /* Frameworks */,
				3545C0D21AD2F80C00E6093D /* Resources */,
			);
			buildRules = (
			);
			dependencies = (
			);
			name = CleanupRevenge;
			productName = CleanupRevenge;
			productReference = 3545C0D41AD2F80C00E6093D /* CleanupRevenge.app */;
			productType = "com.apple.product-type.application";
		};
		3545C0F11AD2F80C00E6093D /* CleanupRevengeTests */ = {
			isa = PBXNativeTarget;
			buildConfigurationList = 3545C0FF1AD2F80C00E6093D /* Build configuration list for PBXNativeTarget "CleanupRevengeTests" */;
			buildPhases = (
				3545C0EE1AD2F80C00E6093D /* Sources */,
				3545C0EF1AD2F80C00E6093D /* Frameworks */,
				3545C0F01AD2F80C00E6093D /* Resources */,
			);
			buildRules = (
			);
			dependencies = (
				3545C0F41AD2F80C00E6093D /* PBXTargetDependency */,
			);
			name = CleanupRevengeTests;
			productName = CleanupRevengeTests;
			productReference = 3545C0F21AD2F80C00E6093D /* CleanupRevengeTests.xctest */;
			productType = "com.apple.product-type.bundle.unit-test";
		};
/* End PBXNativeTarget section */

/* Begin PBXProject section */
		3545C0CC1AD2F80C00E6093D /* Project object */ = {
			isa = PBXProject;
			attributes = {
				LastUpgradeCheck = 0620;
				ORGANIZATIONNAME = segaNub;
				TargetAttributes = {
					3545C0D31AD2F80C00E6093D = {
						CreatedOnToolsVersion = 6.2;
					};
					3545C0F11AD2F80C00E6093D = {
						CreatedOnToolsVersion = 6.2;
						TestTargetID = 3545C0D31AD2F80C00E6093D;
					};
				};
			};
			buildConfigurationList = 3545C0CF1AD2F80C00E6093D /* Build configuration list for PBXProject "CleanupRevenge" */;
			compatibilityVersion = "Xcode 3.2";
			developmentRegion = English;
			hasScannedForEncodings = 0;
			knownRegions = (
				en,
				Base,
			);
			mainGroup = 3545C0CB1AD2F80C00E6093D;
			productRefGroup = 3545C0D51AD2F80C00E6093D /* Products */;
			projectDirPath = "";
			projectRoot = "";
			targets = (
				3545C0D31AD2F80C00E6093D /* CleanupRevenge */,
				3545C0F11AD2F80C00E6093D /* CleanupRevengeTests */,
			);
		};
/* End PBXProject section */

/* Begin PBXResourcesBuildPhase section */
		3545C0D21AD2F80C00E6093D /* Resources */ = {
			isa = PBXResourcesBuildPhase;
			buildActionMask = 2147483647;
			files = (
				3545C0ED1AD2F80C00E6093D /* LaunchScreen.xib in Resources */,
				3545C0EA1AD2F80C00E6093D /* Images.xcassets in Resources */,
				3545C0E21AD2F80C00E6093D /* GameScene.sks in Resources */,
				3545C0E81AD2F80C00E6093D /* Main.storyboard in Resources */,
			);
			runOnlyForDeploymentPostprocessing = 0;
		};
		3545C0F01AD2F80C00E6093D /* Resources */ = {
			isa = PBXResourcesBuildPhase;
			buildActionMask = 2147483647;
			files = (
			);
			runOnlyForDeploymentPostprocessing = 0;
		};
/* End PBXResourcesBuildPhase section */

/* Begin PBXSourcesBuildPhase section */
		3545C0D01AD2F80C00E6093D /* Sources */ = {
			isa = PBXSourcesBuildPhase;
			buildActionMask = 2147483647;
			files = (
				35FA93021AD2FCAF003F80C1 /* Joystick.m in Sources */,
				3545C0E51AD2F80C00E6093D /* GameViewController.m in Sources */,
				355523841AD30282003992F5 /* SoundManager.m in Sources */,
				3545C0DD1AD2F80C00E6093D /* AppDelegate.m in Sources */,
				355523791AD30174003992F5 /* Shark.m in Sources */,
				355523731AD30099003992F5 /* Fish.m in Sources */,
				3545C0E01AD2F80C00E6093D /* GameScene.m in Sources */,
				3545C0DA1AD2F80C00E6093D /* main.m in Sources */,
				355523881AD30731003992F5 /* MenuViewController.m in Sources */,
				355523941AD31555003992F5 /* PauseViewController.m in Sources */,
				3555238E1AD30DAA003992F5 /* GaleriaViewController.m in Sources */,
				3555238B1AD30D8A003992F5 /* ConfigViewController.m in Sources */,
				3555239E1AD31E4A003992F5 /* Trash.m in Sources */,
				355523761AD300CC003992F5 /* FishHook.m in Sources */,
				355523911AD313B3003992F5 /* HistoricoViewController.m in Sources */,
			);
			runOnlyForDeploymentPostprocessing = 0;
		};
		3545C0EE1AD2F80C00E6093D /* Sources */ = {
			isa = PBXSourcesBuildPhase;
			buildActionMask = 2147483647;
			files = (
				3545C0F91AD2F80C00E6093D /* CleanupRevengeTests.m in Sources */,
			);
			runOnlyForDeploymentPostprocessing = 0;
		};
/* End PBXSourcesBuildPhase section */

/* Begin PBXTargetDependency section */
		3545C0F41AD2F80C00E6093D /* PBXTargetDependency */ = {
			isa = PBXTargetDependency;
			target = 3545C0D31AD2F80C00E6093D /* CleanupRevenge */;
			targetProxy = 3545C0F31AD2F80C00E6093D /* PBXContainerItemProxy */;
		};
/* End PBXTargetDependency section */

/* Begin PBXVariantGroup section */
		3545C0E61AD2F80C00E6093D /* Main.storyboard */ = {
			isa = PBXVariantGroup;
			children = (
				3545C0E71AD2F80C00E6093D /* Base */,
			);
			name = Main.storyboard;
			sourceTree = "<group>";
		};
		3545C0EB1AD2F80C00E6093D /* LaunchScreen.xib */ = {
			isa = PBXVariantGroup;
			children = (
				3545C0EC1AD2F80C00E6093D /* Base */,
			);
			name = LaunchScreen.xib;
			sourceTree = "<group>";
		};
/* End PBXVariantGroup section */

/* Begin XCBuildConfiguration section */
		3545C0FA1AD2F80C00E6093D /* Debug */ = {
			isa = XCBuildConfiguration;
			buildSettings = {
				ALWAYS_SEARCH_USER_PATHS = NO;
				CLANG_CXX_LANGUAGE_STANDARD = "gnu++0x";
				CLANG_CXX_LIBRARY = "libc++";
				CLANG_ENABLE_MODULES = YES;
				CLANG_ENABLE_OBJC_ARC = YES;
				CLANG_WARN_BOOL_CONVERSION = YES;
				CLANG_WARN_CONSTANT_CONVERSION = YES;
				CLANG_WARN_DIRECT_OBJC_ISA_USAGE = YES_ERROR;
				CLANG_WARN_EMPTY_BODY = YES;
				CLANG_WARN_ENUM_CONVERSION = YES;
				CLANG_WARN_INT_CONVERSION = YES;
				CLANG_WARN_OBJC_ROOT_CLASS = YES_ERROR;
				CLANG_WARN_UNREACHABLE_CODE = YES;
				CLANG_WARN__DUPLICATE_METHOD_MATCH = YES;
				"CODE_SIGN_IDENTITY[sdk=iphoneos*]" = "iPhone Developer";
				COPY_PHASE_STRIP = NO;
				ENABLE_STRICT_OBJC_MSGSEND = YES;
				GCC_C_LANGUAGE_STANDARD = gnu99;
				GCC_DYNAMIC_NO_PIC = NO;
				GCC_OPTIMIZATION_LEVEL = 0;
				GCC_PREPROCESSOR_DEFINITIONS = (
					"DEBUG=1",
					"$(inherited)",
				);
				GCC_SYMBOLS_PRIVATE_EXTERN = NO;
				GCC_WARN_64_TO_32_BIT_CONVERSION = YES;
				GCC_WARN_ABOUT_RETURN_TYPE = YES_ERROR;
				GCC_WARN_UNDECLARED_SELECTOR = YES;
				GCC_WARN_UNINITIALIZED_AUTOS = YES_AGGRESSIVE;
				GCC_WARN_UNUSED_FUNCTION = YES;
				GCC_WARN_UNUSED_VARIABLE = YES;
				IPHONEOS_DEPLOYMENT_TARGET = 8.2;
				MTL_ENABLE_DEBUG_INFO = YES;
				ONLY_ACTIVE_ARCH = YES;
				SDKROOT = iphoneos;
			};
			name = Debug;
		};
		3545C0FB1AD2F80C00E6093D /* Release */ = {
			isa = XCBuildConfiguration;
			buildSettings = {
				ALWAYS_SEARCH_USER_PATHS = NO;
				CLANG_CXX_LANGUAGE_STANDARD = "gnu++0x";
				CLANG_CXX_LIBRARY = "libc++";
				CLANG_ENABLE_MODULES = YES;
				CLANG_ENABLE_OBJC_ARC = YES;
				CLANG_WARN_BOOL_CONVERSION = YES;
				CLANG_WARN_CONSTANT_CONVERSION = YES;
				CLANG_WARN_DIRECT_OBJC_ISA_USAGE = YES_ERROR;
				CLANG_WARN_EMPTY_BODY = YES;
				CLANG_WARN_ENUM_CONVERSION = YES;
				CLANG_WARN_INT_CONVERSION = YES;
				CLANG_WARN_OBJC_ROOT_CLASS = YES_ERROR;
				CLANG_WARN_UNREACHABLE_CODE = YES;
				CLANG_WARN__DUPLICATE_METHOD_MATCH = YES;
				"CODE_SIGN_IDENTITY[sdk=iphoneos*]" = "iPhone Developer";
				COPY_PHASE_STRIP = NO;
				ENABLE_NS_ASSERTIONS = NO;
				ENABLE_STRICT_OBJC_MSGSEND = YES;
				GCC_C_LANGUAGE_STANDARD = gnu99;
				GCC_WARN_64_TO_32_BIT_CONVERSION = YES;
				GCC_WARN_ABOUT_RETURN_TYPE = YES_ERROR;
				GCC_WARN_UNDECLARED_SELECTOR = YES;
				GCC_WARN_UNINITIALIZED_AUTOS = YES_AGGRESSIVE;
				GCC_WARN_UNUSED_FUNCTION = YES;
				GCC_WARN_UNUSED_VARIABLE = YES;
				IPHONEOS_DEPLOYMENT_TARGET = 8.2;
				MTL_ENABLE_DEBUG_INFO = NO;
				SDKROOT = iphoneos;
				VALIDATE_PRODUCT = YES;
			};
			name = Release;
		};
		3545C0FD1AD2F80C00E6093D /* Debug */ = {
			isa = XCBuildConfiguration;
			buildSettings = {
				ASSETCATALOG_COMPILER_APPICON_NAME = AppIcon;
				INFOPLIST_FILE = CleanupRevenge/Info.plist;
				LD_RUNPATH_SEARCH_PATHS = "$(inherited) @executable_path/Frameworks";
				PRODUCT_NAME = "$(TARGET_NAME)";
			};
			name = Debug;
		};
		3545C0FE1AD2F80C00E6093D /* Release */ = {
			isa = XCBuildConfiguration;
			buildSettings = {
				ASSETCATALOG_COMPILER_APPICON_NAME = AppIcon;
				INFOPLIST_FILE = CleanupRevenge/Info.plist;
				LD_RUNPATH_SEARCH_PATHS = "$(inherited) @executable_path/Frameworks";
				PRODUCT_NAME = "$(TARGET_NAME)";
			};
			name = Release;
		};
		3545C1001AD2F80C00E6093D /* Debug */ = {
			isa = XCBuildConfiguration;
			buildSettings = {
				BUNDLE_LOADER = "$(TEST_HOST)";
				FRAMEWORK_SEARCH_PATHS = (
					"$(SDKROOT)/Developer/Library/Frameworks",
					"$(inherited)",
				);
				GCC_PREPROCESSOR_DEFINITIONS = (
					"DEBUG=1",
					"$(inherited)",
				);
				INFOPLIST_FILE = CleanupRevengeTests/Info.plist;
				LD_RUNPATH_SEARCH_PATHS = "$(inherited) @executable_path/Frameworks @loader_path/Frameworks";
				PRODUCT_NAME = "$(TARGET_NAME)";
				TEST_HOST = "$(BUILT_PRODUCTS_DIR)/CleanupRevenge.app/CleanupRevenge";
			};
			name = Debug;
		};
		3545C1011AD2F80C00E6093D /* Release */ = {
			isa = XCBuildConfiguration;
			buildSettings = {
				BUNDLE_LOADER = "$(TEST_HOST)";
				FRAMEWORK_SEARCH_PATHS = (
					"$(SDKROOT)/Developer/Library/Frameworks",
					"$(inherited)",
				);
				INFOPLIST_FILE = CleanupRevengeTests/Info.plist;
				LD_RUNPATH_SEARCH_PATHS = "$(inherited) @executable_path/Frameworks @loader_path/Frameworks";
				PRODUCT_NAME = "$(TARGET_NAME)";
				TEST_HOST = "$(BUILT_PRODUCTS_DIR)/CleanupRevenge.app/CleanupRevenge";
			};
			name = Release;
		};
/* End XCBuildConfiguration section */

/* Begin XCConfigurationList section */
		3545C0CF1AD2F80C00E6093D /* Build configuration list for PBXProject "CleanupRevenge" */ = {
			isa = XCConfigurationList;
			buildConfigurations = (
				3545C0FA1AD2F80C00E6093D /* Debug */,
				3545C0FB1AD2F80C00E6093D /* Release */,
			);
			defaultConfigurationIsVisible = 0;
			defaultConfigurationName = Release;
		};
		3545C0FC1AD2F80C00E6093D /* Build configuration list for PBXNativeTarget "CleanupRevenge" */ = {
			isa = XCConfigurationList;
			buildConfigurations = (
				3545C0FD1AD2F80C00E6093D /* Debug */,
				3545C0FE1AD2F80C00E6093D /* Release */,
			);
			defaultConfigurationIsVisible = 0;
			defaultConfigurationName = Release;
		};
		3545C0FF1AD2F80C00E6093D /* Build configuration list for PBXNativeTarget "CleanupRevengeTests" */ = {
			isa = XCConfigurationList;
			buildConfigurations = (
				3545C1001AD2F80C00E6093D /* Debug */,
				3545C1011AD2F80C00E6093D /* Release */,
			);
			defaultConfigurationIsVisible = 0;
			defaultConfigurationName = Release;
		};
/* End XCConfigurationList section */
	};
	rootObject = 3545C0CC1AD2F80C00E6093D /* Project object */;
}
